{
  "requires": true,
  "lockfileVersion": 1,
  "dependencies": {
    "@syncfusion/ej2-base": {
      "version": "17.3.19",
      "resolved": "https://registry.npmjs.org/@syncfusion/ej2-base/-/ej2-base-17.3.19.tgz",
      "integrity": "sha512-YGTDzPuKaEqCVvsdnBdrXSucnAnYKOZ88HSDNkboR6Wuol+H+83oYE4BsfHfNFdqWDgWGm3wvx9EvLE3/l4/bA==",
      "requires": {
        "@syncfusion/ej2-icons": "~17.3.19"
      }
    },
    "@syncfusion/ej2-buttons": {
      "version": "17.3.19",
      "resolved": "https://registry.npmjs.org/@syncfusion/ej2-buttons/-/ej2-buttons-17.3.19.tgz",
      "integrity": "sha512-0WRd7QFKsSp6gVxtUhdTesqd4G/cCfRhGoixgOm1I7s+DW07N6lerCyeuysNxpnDQrUL2Jo6EJgbJ7WS8eQihA==",
      "requires": {
        "@syncfusion/ej2-base": "~17.3.19"
      }
    },
    "@syncfusion/ej2-icons": {
      "version": "17.3.19",
      "resolved": "https://registry.npmjs.org/@syncfusion/ej2-icons/-/ej2-icons-17.3.19.tgz",
      "integrity": "sha512-te8g7Bpfgp+GeU1r3rImJOxS4Mgjk9wSUs0jDigZLwWn1TMHz+nSHhQBxDrRdtNPa7WT2ojxUBBDGnb1qia5sw=="
    },
    "@syncfusion/ej2-react-base": {
      "version": "17.3.19",
      "resolved": "https://registry.npmjs.org/@syncfusion/ej2-react-base/-/ej2-react-base-17.3.19.tgz",
      "integrity": "sha512-6NZBZW/bevtXn0jR2fooJYvNsj3MlVl2j3wp9sIzjuccDldWSNnbAa52okTOT5ckiDp3CrwCMSKvFDf21E+ixg==",
      "requires": {
        "@syncfusion/ej2-base": "~17.3.19"
      }
    },
    "@syncfusion/ej2-react-buttons": {
      "version": "17.3.19",
      "resolved": "https://registry.npmjs.org/@syncfusion/ej2-react-buttons/-/ej2-react-buttons-17.3.19.tgz",
      "integrity": "sha512-kMRo3brvotdNHZXrb8XakC06W2Yr9uRG/KCE+1bgiA7cHSzrhmm39JtZ65pTSXlAzFAC2H40C7nkCCS06qOPHQ==",
      "requires": {
        "@syncfusion/ej2-base": "~17.3.19",
        "@syncfusion/ej2-buttons": "17.3.19",
        "@syncfusion/ej2-react-base": "~17.3.19"
      }
    }
  }
}
